
Microsoft Visual Studio Solution File, Format Version 12.00
# Visual Studio 15
VisualStudioVersion = 15.0.27130.2026
MinimumVisualStudioVersion = 10.0.40219.1
Project("{9A19103F-16F7-4668-BE54-9A1E7A4F7556}") = "TwitchLib", "TwitchLib\TwitchLib.csproj", "{5D5746FD-63B3-4DB0-9389-7FEDA1A05A09}"
EndProject
Project("{9A19103F-16F7-4668-BE54-9A1E7A4F7556}") = "Provider.Log4Net", "TwitchLib.Logging\Provider.Log4Net\Provider.Log4Net.csproj", "{8C9B5038-DBD8-4696-8242-EE8CAE076278}"
EndProject
Project("{9A19103F-16F7-4668-BE54-9A1E7A4F7556}") = "Provider.NLog", "TwitchLib.Logging\Providers.NLog\Provider.NLog.csproj", "{FF0918B9-3AE7-48E3-AF14-4365142276E1}"
EndProject
Project("{9A19103F-16F7-4668-BE54-9A1E7A4F7556}") = "Provider.SeriLog", "TwitchLib.Logging\Providers.SeriLog\Provider.SeriLog.csproj", "{5798A9F5-D6EB-46CD-AFF8-5A81C2BD0BC6}"
EndProject
Project("{2150E333-8FDC-42A3-9474-1A3956D46DE8}") = "TwitchLib.Logging", "TwitchLib.Logging", "{7FFF330A-C7A1-41EC-8FAB-4331063641CE}"
EndProject
Global
	GlobalSection(SolutionConfigurationPlatforms) = preSolution
		Debug|Any CPU = Debug|Any CPU
		Release|Any CPU = Release|Any CPU
	EndGlobalSection
	GlobalSection(ProjectConfigurationPlatforms) = postSolution
		{5D5746FD-63B3-4DB0-9389-7FEDA1A05A09}.Debug|Any CPU.ActiveCfg = Debug|Any CPU
		{5D5746FD-63B3-4DB0-9389-7FEDA1A05A09}.Debug|Any CPU.Build.0 = Debug|Any CPU
		{5D5746FD-63B3-4DB0-9389-7FEDA1A05A09}.Release|Any CPU.ActiveCfg = Release|Any CPU
		{5D5746FD-63B3-4DB0-9389-7FEDA1A05A09}.Release|Any CPU.Build.0 = Release|Any CPU
		{8C9B5038-DBD8-4696-8242-EE8CAE076278}.Debug|Any CPU.ActiveCfg = Debug|Any CPU
		{8C9B5038-DBD8-4696-8242-EE8CAE076278}.Debug|Any CPU.Build.0 = Debug|Any CPU
		{8C9B5038-DBD8-4696-8242-EE8CAE076278}.Release|Any CPU.ActiveCfg = Release|Any CPU
		{8C9B5038-DBD8-4696-8242-EE8CAE076278}.Release|Any CPU.Build.0 = Release|Any CPU
		{FF0918B9-3AE7-48E3-AF14-4365142276E1}.Debug|Any CPU.ActiveCfg = Debug|Any CPU
		{FF0918B9-3AE7-48E3-AF14-4365142276E1}.Debug|Any CPU.Build.0 = Debug|Any CPU
		{FF0918B9-3AE7-48E3-AF14-4365142276E1}.Release|Any CPU.ActiveCfg = Release|Any CPU
		{FF0918B9-3AE7-48E3-AF14-4365142276E1}.Release|Any CPU.Build.0 = Release|Any CPU
		{5798A9F5-D6EB-46CD-AFF8-5A81C2BD0BC6}.Debug|Any CPU.ActiveCfg = Debug|Any CPU
		{5798A9F5-D6EB-46CD-AFF8-5A81C2BD0BC6}.Debug|Any CPU.Build.0 = Debug|Any CPU
		{5798A9F5-D6EB-46CD-AFF8-5A81C2BD0BC6}.Release|Any CPU.ActiveCfg = Release|Any CPU
		{5798A9F5-D6EB-46CD-AFF8-5A81C2BD0BC6}.Release|Any CPU.Build.0 = Release|Any CPU
	EndGlobalSection
	GlobalSection(SolutionProperties) = preSolution
		HideSolutionNode = FALSE
	EndGlobalSection
	GlobalSection(NestedProjects) = preSolution
		{8C9B5038-DBD8-4696-8242-EE8CAE076278} = {7FFF330A-C7A1-41EC-8FAB-4331063641CE}
		{FF0918B9-3AE7-48E3-AF14-4365142276E1} = {7FFF330A-C7A1-41EC-8FAB-4331063641CE}
		{5798A9F5-D6EB-46CD-AFF8-5A81C2BD0BC6} = {7FFF330A-C7A1-41EC-8FAB-4331063641CE}
	EndGlobalSection
	GlobalSection(ExtensibilityGlobals) = postSolution
		SolutionGuid = {E2625CCD-E29C-47B5-B7F3-984A4181835F}
	EndGlobalSection
EndGlobal
