
Microsoft Visual Studio Solution File, Format Version 12.00
# Visual Studio Version 17
VisualStudioVersion = 17.0.31919.166
MinimumVisualStudioVersion = 10.0.40219.1
Project("{9A19103F-16F7-4668-BE54-9A1E7A4F7556}") = "TwitchLib.PubSub", "src\TwitchLib.PubSub\TwitchLib.PubSub.csproj", "{D09F85DC-2EF6-4A60-8B2F-397FABEF5E6A}"
EndProject
Project("{9A19103F-16F7-4668-BE54-9A1E7A4F7556}") = "TwitchLib.Communication", "src\TwitchLib.Communication\TwitchLib.Communication.csproj", "{7AC27F76-BFCD-4614-BCE4-6CB0CAEB3071}"
EndProject
Project("{9A19103F-16F7-4668-BE54-9A1E7A4F7556}") = "TwitchLib.Client", "src\TwitchLib.Client\TwitchLib.Client.csproj", "{EB5A7311-4172-45F4-BF60-86A62218B942}"
EndProject
Project("{9A19103F-16F7-4668-BE54-9A1E7A4F7556}") = "TwitchLib.Client.Enums", "src\TwitchLib.Client.Enums\TwitchLib.Client.Enums.csproj", "{5FF5C417-E8BE-47C1-A7AB-079DEC920C1C}"
EndProject
Project("{9A19103F-16F7-4668-BE54-9A1E7A4F7556}") = "TwitchLib.Client.Models", "src\TwitchLib.Client.Models\TwitchLib.Client.Models.csproj", "{3F7BFD89-683E-4B1A-82B7-35D29926858A}"
EndProject
Project("{9A19103F-16F7-4668-BE54-9A1E7A4F7556}") = "TwitchLib.Api", "src\TwitchLib.Api\TwitchLib.Api.csproj", "{F0D5B81D-7335-4C93-8E94-CB1515DB1E79}"
EndProject
Project("{FAE04EC0-301F-11D3-BF4B-00C04F79EFBC}") = "TwitchLib.EventSub", "src\TwitchLib.EventSub\TwitchLib.EventSub.csproj", "{B976CDCB-143B-4C55-B4F4-197B5397DB99}"
EndProject
Global
	GlobalSection(SolutionConfigurationPlatforms) = preSolution
		Debug|Any CPU = Debug|Any CPU
		Release|Any CPU = Release|Any CPU
	EndGlobalSection
	GlobalSection(ProjectConfigurationPlatforms) = postSolution
		{D09F85DC-2EF6-4A60-8B2F-397FABEF5E6A}.Debug|Any CPU.ActiveCfg = Debug|Any CPU
		{D09F85DC-2EF6-4A60-8B2F-397FABEF5E6A}.Release|Any CPU.ActiveCfg = Release|Any CPU
		{7AC27F76-BFCD-4614-BCE4-6CB0CAEB3071}.Debug|Any CPU.ActiveCfg = Debug|Any CPU
		{7AC27F76-BFCD-4614-BCE4-6CB0CAEB3071}.Debug|Any CPU.Build.0 = Debug|Any CPU
		{7AC27F76-BFCD-4614-BCE4-6CB0CAEB3071}.Release|Any CPU.ActiveCfg = Release|Any CPU
		{7AC27F76-BFCD-4614-BCE4-6CB0CAEB3071}.Release|Any CPU.Build.0 = Release|Any CPU
		{EB5A7311-4172-45F4-BF60-86A62218B942}.Debug|Any CPU.ActiveCfg = Debug|Any CPU
		{EB5A7311-4172-45F4-BF60-86A62218B942}.Debug|Any CPU.Build.0 = Debug|Any CPU
		{EB5A7311-4172-45F4-BF60-86A62218B942}.Release|Any CPU.ActiveCfg = Release|Any CPU
		{EB5A7311-4172-45F4-BF60-86A62218B942}.Release|Any CPU.Build.0 = Release|Any CPU
		{5FF5C417-E8BE-47C1-A7AB-079DEC920C1C}.Debug|Any CPU.ActiveCfg = Debug|Any CPU
		{5FF5C417-E8BE-47C1-A7AB-079DEC920C1C}.Debug|Any CPU.Build.0 = Debug|Any CPU
		{5FF5C417-E8BE-47C1-A7AB-079DEC920C1C}.Release|Any CPU.ActiveCfg = Release|Any CPU
		{5FF5C417-E8BE-47C1-A7AB-079DEC920C1C}.Release|Any CPU.Build.0 = Release|Any CPU
		{3F7BFD89-683E-4B1A-82B7-35D29926858A}.Debug|Any CPU.ActiveCfg = Debug|Any CPU
		{3F7BFD89-683E-4B1A-82B7-35D29926858A}.Debug|Any CPU.Build.0 = Debug|Any CPU
		{3F7BFD89-683E-4B1A-82B7-35D29926858A}.Release|Any CPU.ActiveCfg = Release|Any CPU
		{3F7BFD89-683E-4B1A-82B7-35D29926858A}.Release|Any CPU.Build.0 = Release|Any CPU
		{F0D5B81D-7335-4C93-8E94-CB1515DB1E79}.Debug|Any CPU.ActiveCfg = Debug|Any CPU
		{F0D5B81D-7335-4C93-8E94-CB1515DB1E79}.Debug|Any CPU.Build.0 = Debug|Any CPU
		{F0D5B81D-7335-4C93-8E94-CB1515DB1E79}.Release|Any CPU.ActiveCfg = Release|Any CPU
		{F0D5B81D-7335-4C93-8E94-CB1515DB1E79}.Release|Any CPU.Build.0 = Release|Any CPU
		{B976CDCB-143B-4C55-B4F4-197B5397DB99}.Debug|Any CPU.ActiveCfg = Debug|Any CPU
		{B976CDCB-143B-4C55-B4F4-197B5397DB99}.Debug|Any CPU.Build.0 = Debug|Any CPU
		{B976CDCB-143B-4C55-B4F4-197B5397DB99}.Release|Any CPU.ActiveCfg = Release|Any CPU
		{B976CDCB-143B-4C55-B4F4-197B5397DB99}.Release|Any CPU.Build.0 = Release|Any CPU
	EndGlobalSection
	GlobalSection(SolutionProperties) = preSolution
		HideSolutionNode = FALSE
	EndGlobalSection
	GlobalSection(ExtensibilityGlobals) = postSolution
		SolutionGuid = {E2625CCD-E29C-47B5-B7F3-984A4181835F}
	EndGlobalSection
EndGlobal
