
Microsoft Visual Studio Solution File, Format Version 12.00
# Visual Studio 15
VisualStudioVersion = 15.0.26020.0
MinimumVisualStudioVersion = 10.0.40219.1
Project("{FAE04EC0-301F-11D3-BF4B-00C04F79EFBC}") = "WebsocketTestClient", "WebsocketTestClient.csproj", "{DF5F9D26-08F0-4045-9A26-2201471E9131}"
EndProject
Project("{FAE04EC0-301F-11D3-BF4B-00C04F79EFBC}") = "TwitchLib", "..\..\TwitchLib\TwitchLib.csproj", "{5D5746FD-63B3-4DB0-9389-7FEDA1A05A09}"
EndProject
Global
	GlobalSection(SolutionConfigurationPlatforms) = preSolution
		Debug|Any CPU = Debug|Any CPU
		Release|Any CPU = Release|Any CPU
	EndGlobalSection
	GlobalSection(ProjectConfigurationPlatforms) = postSolution
		{DF5F9D26-08F0-4045-9A26-2201471E9131}.Debug|Any CPU.ActiveCfg = Debug|Any CPU
		{DF5F9D26-08F0-4045-9A26-2201471E9131}.Debug|Any CPU.Build.0 = Debug|Any CPU
		{DF5F9D26-08F0-4045-9A26-2201471E9131}.Release|Any CPU.ActiveCfg = Release|Any CPU
		{DF5F9D26-08F0-4045-9A26-2201471E9131}.Release|Any CPU.Build.0 = Release|Any CPU
		{5D5746FD-63B3-4DB0-9389-7FEDA1A05A09}.Debug|Any CPU.ActiveCfg = Debug|Any CPU
		{5D5746FD-63B3-4DB0-9389-7FEDA1A05A09}.Debug|Any CPU.Build.0 = Debug|Any CPU
		{5D5746FD-63B3-4DB0-9389-7FEDA1A05A09}.Release|Any CPU.ActiveCfg = Release|Any CPU
		{5D5746FD-63B3-4DB0-9389-7FEDA1A05A09}.Release|Any CPU.Build.0 = Release|Any CPU
	EndGlobalSection
	GlobalSection(SolutionProperties) = preSolution
		HideSolutionNode = FALSE
	EndGlobalSection
EndGlobal
